
Microsoft Visual Studio Solution File, Format Version 12.00
# Visual Studio 2012
Project("{FAE04EC0-301F-11D3-BF4B-00C04F79EFBC}") = "dnnTemplates", "dnnTemplates.csproj", "{C2B22F9C-C266-41B2-932E-613B27B9F602}"
EndProject
Project("{2150E333-8FDC-42A3-9474-1A3956D46DE8}") = ".build", ".build", "{C3961DFC-5FD5-4BFB-B0C5-51AE1CC9D22D}"
	ProjectSection(SolutionItems) = preProject
		Build.proj = Build.proj
		.build\DnnTemplate.targets = .build\DnnTemplate.targets
		.build\MSBuild.Community.Tasks.dll = .build\MSBuild.Community.Tasks.dll
		.build\MSBuild.Community.Tasks.targets = .build\MSBuild.Community.Tasks.targets
	EndProjectSection
EndProject
Project("{FAE04EC0-301F-11D3-BF4B-00C04F79EFBC}") = "dnnTemplateInstaller", "..\dnnTemplateInstaller\dnnTemplateInstaller.csproj", "{4BF6F02B-5789-4787-B164-8123EF7F6F94}"
EndProject
Global
	GlobalSection(SolutionConfigurationPlatforms) = preSolution
		Debug|Any CPU = Debug|Any CPU
		Release|Any CPU = Release|Any CPU
	EndGlobalSection
	GlobalSection(ProjectConfigurationPlatforms) = postSolution
		{C2B22F9C-C266-41B2-932E-613B27B9F602}.Debug|Any CPU.ActiveCfg = Debug|Any CPU
		{C2B22F9C-C266-41B2-932E-613B27B9F602}.Debug|Any CPU.Build.0 = Debug|Any CPU
		{C2B22F9C-C266-41B2-932E-613B27B9F602}.Release|Any CPU.ActiveCfg = Release|Any CPU
		{C2B22F9C-C266-41B2-932E-613B27B9F602}.Release|Any CPU.Build.0 = Release|Any CPU
		{4BF6F02B-5789-4787-B164-8123EF7F6F94}.Debug|Any CPU.ActiveCfg = Debug|Any CPU
		{4BF6F02B-5789-4787-B164-8123EF7F6F94}.Debug|Any CPU.Build.0 = Debug|Any CPU
		{4BF6F02B-5789-4787-B164-8123EF7F6F94}.Release|Any CPU.ActiveCfg = Release|Any CPU
		{4BF6F02B-5789-4787-B164-8123EF7F6F94}.Release|Any CPU.Build.0 = Release|Any CPU
	EndGlobalSection
	GlobalSection(SolutionProperties) = preSolution
		HideSolutionNode = FALSE
	EndGlobalSection
EndGlobal
